
Microsoft Visual Studio Solution File, Format Version 12.00
# Visual Studio Version 17
VisualStudioVersion = 17.1.32328.378
MinimumVisualStudioVersion = 10.0.40219.1
Project("{FAE04EC0-301F-11D3-BF4B-00C04F79EFBC}") = "00009967", "00009967.csproj", "{99341D11-7B8F-4C2F-9F10-590EA3F9AEA0}"
EndProject
Global
	GlobalSection(SolutionConfigurationPlatforms) = preSolution
		Debug|Any CPU = Debug|Any CPU
		Release|Any CPU = Release|Any CPU
	EndGlobalSection
	GlobalSection(ProjectConfigurationPlatforms) = postSolution
		{99341D11-7B8F-4C2F-9F10-590EA3F9AEA0}.Debug|Any CPU.ActiveCfg = Debug|Any CPU
		{99341D11-7B8F-4C2F-9F10-590EA3F9AEA0}.Debug|Any CPU.Build.0 = Debug|Any CPU
		{99341D11-7B8F-4C2F-9F10-590EA3F9AEA0}.Release|Any CPU.ActiveCfg = Release|Any CPU
		{99341D11-7B8F-4C2F-9F10-590EA3F9AEA0}.Release|Any CPU.Build.0 = Release|Any CPU
	EndGlobalSection
	GlobalSection(SolutionProperties) = preSolution
		HideSolutionNode = FALSE
	EndGlobalSection
	GlobalSection(ExtensibilityGlobals) = postSolution
		SolutionGuid = {616D8701-74C5-465B-9B0E-BF12480D1396}
	EndGlobalSection
EndGlobal
